
Microsoft Visual Studio Solution File, Format Version 12.00
# Visual Studio Version 17
VisualStudioVersion = 17.6.33717.318
MinimumVisualStudioVersion = 10.0.40219.1
Project("{FAE04EC0-301F-11D3-BF4B-00C04F79EFBC}") = "ProductManagementSystem", "ProductManagementSystem\ProductManagementSystem.csproj", "{0A0D7E20-32A6-4E3F-ACB7-F776DDCE439B}"
EndProject
Global
	GlobalSection(SolutionConfigurationPlatforms) = preSolution
		Debug|Any CPU = Debug|Any CPU
		Release|Any CPU = Release|Any CPU
	EndGlobalSection
	GlobalSection(ProjectConfigurationPlatforms) = postSolution
		{0A0D7E20-32A6-4E3F-ACB7-F776DDCE439B}.Debug|Any CPU.ActiveCfg = Debug|Any CPU
		{0A0D7E20-32A6-4E3F-ACB7-F776DDCE439B}.Debug|Any CPU.Build.0 = Debug|Any CPU
		{0A0D7E20-32A6-4E3F-ACB7-F776DDCE439B}.Release|Any CPU.ActiveCfg = Release|Any CPU
		{0A0D7E20-32A6-4E3F-ACB7-F776DDCE439B}.Release|Any CPU.Build.0 = Release|Any CPU
	EndGlobalSection
	GlobalSection(SolutionProperties) = preSolution
		HideSolutionNode = FALSE
	EndGlobalSection
	GlobalSection(ExtensibilityGlobals) = postSolution
		SolutionGuid = {C095B6B2-9BEF-41F5-AA92-B41F4BEC9923}
	EndGlobalSection
EndGlobal
